// !$*UTF8*$!
{
	archiveVersion = 1;
	classes = {
	};
	objectVersion = 46;
	objects = {

/* Begin PBXBuildFile section */
		90AEDEDA1C56EE0900841A70 /* AppDelegate.swift in Sources */ = {isa = PBXBuildFile; fileRef = 90AEDED91C56EE0900841A70 /* AppDelegate.swift */; };
		90AEDEDC1C56EE0900841A70 /* ViewController.swift in Sources */ = {isa = PBXBuildFile; fileRef = 90AEDEDB1C56EE0900841A70 /* ViewController.swift */; };
		90AEDEDF1C56EE0900841A70 /* Main.storyboard in Resources */ = {isa = PBXBuildFile; fileRef = 90AEDEDD1C56EE0900841A70 /* Main.storyboard */; };
		90AEDEE11C56EE0900841A70 /* Assets.xcassets in Resources */ = {isa = PBXBuildFile; fileRef = 90AEDEE01C56EE0900841A70 /* Assets.xcassets */; };
		90AEDEE41C56EE0900841A70 /* LaunchScreen.storyboard in Resources */ = {isa = PBXBuildFile; fileRef = 90AEDEE21C56EE0900841A70 /* LaunchScreen.storyboard */; };
/* End PBXBuildFile section */

/* Begin PBXFileReference section */
		90AEDED61C56EE0900841A70 /* Scrying Mirror.app */ = {isa = PBXFileReference; explicitFileType = wrapper.application; includeInIndex = 0; path = "Scrying Mirror.app"; sourceTree = BUILT_PRODUCTS_DIR; };
		90AEDED91C56EE0900841A70 /* AppDelegate.swift */ = {isa = PBXFileReference; lastKnownFileType = sourcecode.swift; path = AppDelegate.swift; sourceTree = "<group>"; };
		90AEDEDB1C56EE0900841A70 /* ViewController.swift */ = {isa = PBXFileReference; lastKnownFileType = sourcecode.swift; path = ViewController.swift; sourceTree = "<group>"; };
		90AEDEDE1C56EE0900841A70 /* Base */ = {isa = PBXFileReference; lastKnownFileType = file.storyboard; name = Base; path = Base.lproj/Main.storyboard; sourceTree = "<group>"; };
		90AEDEE01C56EE0900841A70 /* Assets.xcassets */ = {isa = PBXFileReference; lastKnownFileType = folder.assetcatalog; path = Assets.xcassets; sourceTree = "<group>"; };
		90AEDEE31C56EE0900841A70 /* Base */ = {isa = PBXFileReference; lastKnownFileType = file.storyboard; name = Base; path = Base.lproj/LaunchScreen.storyboard; sourceTree = "<group>"; };
		90AEDEE51C56EE0900841A70 /* Info.plist */ = {isa = PBXFileReference; lastKnownFileType = text.plist.xml; path = Info.plist; sourceTree = "<group>"; };
/* End PBXFileReference section */

/* Begin PBXFrameworksBuildPhase section */
		90AEDED31C56EE0900841A70 /* Frameworks */ = {
			isa = PBXFrameworksBuildPhase;
			buildActionMask = 2147483647;
			files = (
			);
			runOnlyForDeploymentPostprocessing = 0;
		};
/* End PBXFrameworksBuildPhase section */

/* Begin PBXGroup section */
		90AEDECD1C56EE0800841A70 = {
			isa = PBXGroup;
			children = (
				90AEDED81C56EE0900841A70 /* Scrying Mirror */,
				90AEDED71C56EE0900841A70 /* Products */,
			);
			sourceTree = "<group>";
		};
		90AEDED71C56EE0900841A70 /* Products */ = {
			isa = PBXGroup;
			children = (
				90AEDED61C56EE0900841A70 /* Scrying Mirror.app */,
			);
			name = Products;
			sourceTree = "<group>";
		};
		90AEDED81C56EE0900841A70 /* Scrying Mirror */ = {
			isa = PBXGroup;
			children = (
				90AEDED91C56EE0900841A70 /* AppDelegate.swift */,
				90AEDEDB1C56EE0900841A70 /* ViewController.swift */,
				90AEDEDD1C56EE0900841A70 /* Main.storyboard */,
				90AEDEE01C56EE0900841A70 /* Assets.xcassets */,
				90AEDEE21C56EE0900841A70 /* LaunchScreen.storyboard */,
				90AEDEE51C56EE0900841A70 /* Info.plist */,
			);
			path = "Scrying Mirror";
			sourceTree = "<group>";
		};
/* End PBXGroup section */

/* Begin PBXNativeTarget section */
		90AEDED51C56EE0900841A70 /* Scrying Mirror */ = {
			isa = PBXNativeTarget;
			buildConfigurationList = 90AEDEE81C56EE0900841A70 /* Build configuration list for PBXNativeTarget "Scrying Mirror" */;
			buildPhases = (
				90AEDED21C56EE0900841A70 /* Sources */,
				90AEDED31C56EE0900841A70 /* Frameworks */,
				90AEDED41C56EE0900841A70 /* Resources */,
			);
			buildRules = (
			);
			dependencies = (
			);
			name = "Scrying Mirror";
			productName = "Scrying Mirror";
			productReference = 90AEDED61C56EE0900841A70 /* Scrying Mirror.app */;
			productType = "com.apple.product-type.application";
		};
/* End PBXNativeTarget section */

/* Begin PBXProject section */
		90AEDECE1C56EE0800841A70 /* Project object */ = {
			isa = PBXProject;
			attributes = {
				LastSwiftUpdateCheck = 0720;
				LastUpgradeCheck = 0720;
				ORGANIZATIONNAME = "Disk Cactus";
				TargetAttributes = {
					90AEDED51C56EE0900841A70 = {
						CreatedOnToolsVersion = 7.2;
					};
				};
			};
			buildConfigurationList = 90AEDED11C56EE0800841A70 /* Build configuration list for PBXProject "Scrying Mirror" */;
			compatibilityVersion = "Xcode 3.2";
			developmentRegion = English;
			hasScannedForEncodings = 0;
			knownRegions = (
				en,
				Base,
			);
			mainGroup = 90AEDECD1C56EE0800841A70;
			productRefGroup = 90AEDED71C56EE0900841A70 /* Products */;
			projectDirPath = "";
			projectRoot = "";
			targets = (
				90AEDED51C56EE0900841A70 /* Scrying Mirror */,
			);
		};
/* End PBXProject section */

/* Begin PBXResourcesBuildPhase section */
		90AEDED41C56EE0900841A70 /* Resources */ = {
			isa = PBXResourcesBuildPhase;
			buildActionMask = 2147483647;
			files = (
				90AEDEE41C56EE0900841A70 /* LaunchScreen.storyboard in Resources */,
				90AEDEE11C56EE0900841A70 /* Assets.xcassets in Resources */,
				90AEDEDF1C56EE0900841A70 /* Main.storyboard in Resources */,
			);
			runOnlyForDeploymentPostprocessing = 0;
		};
/* End PBXResourcesBuildPhase section */

/* Begin PBXSourcesBuildPhase section */
		90AEDED21C56EE0900841A70 /* Sources */ = {
			isa = PBXSourcesBuildPhase;
			buildActionMask = 2147483647;
			files = (
				90AEDEDC1C56EE0900841A70 /* ViewController.swift in Sources */,
				90AEDEDA1C56EE0900841A70 /* AppDelegate.swift in Sources */,
			);
			runOnlyForDeploymentPostprocessing = 0;
		};
/* End PBXSourcesBuildPhase section */

/* Begin PBXVariantGroup section */
		90AEDEDD1C56EE0900841A70 /* Main.storyboard */ = {
			isa = PBXVariantGroup;
			children = (
				90AEDEDE1C56EE0900841A70 /* Base */,
			);
			name = Main.storyboard;
			sourceTree = "<group>";
		};
		90AEDEE21C56EE0900841A70 /* LaunchScreen.storyboard */ = {
			isa = PBXVariantGroup;
			children = (
				90AEDEE31C56EE0900841A70 /* Base */,
			);
			name = LaunchScreen.storyboard;
			sourceTree = "<group>";
		};
/* End PBXVariantGroup section */

/* Begin XCBuildConfiguration section */
		90AEDEE61C56EE0900841A70 /* Debug */ = {
			isa = XCBuildConfiguration;
			buildSettings = {
				ALWAYS_SEARCH_USER_PATHS = NO;
				CLANG_CXX_LANGUAGE_STANDARD = "gnu++0x";
				CLANG_CXX_LIBRARY = "libc++";
				CLANG_ENABLE_MODULES = YES;
				CLANG_ENABLE_OBJC_ARC = YES;
				CLANG_WARN_BOOL_CONVERSION = YES;
				CLANG_WARN_CONSTANT_CONVERSION = YES;
				CLANG_WARN_DIRECT_OBJC_ISA_USAGE = YES_ERROR;
				CLANG_WARN_EMPTY_BODY = YES;
				CLANG_WARN_ENUM_CONVERSION = YES;
				CLANG_WARN_INT_CONVERSION = YES;
				CLANG_WARN_OBJC_ROOT_CLASS = YES_ERROR;
				CLANG_WARN_UNREACHABLE_CODE = YES;
				CLANG_WARN__DUPLICATE_METHOD_MATCH = YES;
				"CODE_SIGN_IDENTITY[sdk=iphoneos*]" = "iPhone Developer";
				COPY_PHASE_STRIP = NO;
				DEBUG_INFORMATION_FORMAT = dwarf;
				ENABLE_STRICT_OBJC_MSGSEND = YES;
				ENABLE_TESTABILITY = YES;
				GCC_C_LANGUAGE_STANDARD = gnu99;
				GCC_DYNAMIC_NO_PIC = NO;
				GCC_NO_COMMON_BLOCKS = YES;
				GCC_OPTIMIZATION_LEVEL = 0;
				GCC_PREPROCESSOR_DEFINITIONS = (
					"DEBUG=1",
					"$(inherited)",
				);
				GCC_WARN_64_TO_32_BIT_CONVERSION = YES;
				GCC_WARN_ABOUT_RETURN_TYPE = YES_ERROR;
				GCC_WARN_UNDECLARED_SELECTOR = YES;
				GCC_WARN_UNINITIALIZED_AUTOS = YES_AGGRESSIVE;
				GCC_WARN_UNUSED_FUNCTION = YES;
				GCC_WARN_UNUSED_VARIABLE = YES;
				IPHONEOS_DEPLOYMENT_TARGET = 9.2;
				MTL_ENABLE_DEBUG_INFO = YES;
				ONLY_ACTIVE_ARCH = YES;
				SDKROOT = iphoneos;
				SWIFT_OPTIMIZATION_LEVEL = "-Onone";
				TARGETED_DEVICE_FAMILY = "1,2";
			};
			name = Debug;
		};
		90AEDEE71C56EE0900841A70 /* Release */ = {
			isa = XCBuildConfiguration;
			buildSettings = {
				ALWAYS_SEARCH_USER_PATHS = NO;
				CLANG_CXX_LANGUAGE_STANDARD = "gnu++0x";
				CLANG_CXX_LIBRARY = "libc++";
				CLANG_ENABLE_MODULES = YES;
				CLANG_ENABLE_OBJC_ARC = YES;
				CLANG_WARN_BOOL_CONVERSION = YES;
				CLANG_WARN_CONSTANT_CONVERSION = YES;
				CLANG_WARN_DIRECT_OBJC_ISA_USAGE = YES_ERROR;
				CLANG_WARN_EMPTY_BODY = YES;
				CLANG_WARN_ENUM_CONVERSION = YES;
				CLANG_WARN_INT_CONVERSION = YES;
				CLANG_WARN_OBJC_ROOT_CLASS = YES_ERROR;
				CLANG_WARN_UNREACHABLE_CODE = YES;
				CLANG_WARN__DUPLICATE_METHOD_MATCH = YES;
				"CODE_SIGN_IDENTITY[sdk=iphoneos*]" = "iPhone Developer";
				COPY_PHASE_STRIP = NO;
				DEBUG_INFORMATION_FORMAT = "dwarf-with-dsym";
				ENABLE_NS_ASSERTIONS = NO;
				ENABLE_STRICT_OBJC_MSGSEND = YES;
				GCC_C_LANGUAGE_STANDARD = gnu99;
				GCC_NO_COMMON_BLOCKS = YES;
				GCC_WARN_64_TO_32_BIT_CONVERSION = YES;
				GCC_WARN_ABOUT_RETURN_TYPE = YES_ERROR;
				GCC_WARN_UNDECLARED_SELECTOR = YES;
				GCC_WARN_UNINITIALIZED_AUTOS = YES_AGGRESSIVE;
				GCC_WARN_UNUSED_FUNCTION = YES;
				GCC_WARN_UNUSED_VARIABLE = YES;
				IPHONEOS_DEPLOYMENT_TARGET = 9.2;
				MTL_ENABLE_DEBUG_INFO = NO;
				SDKROOT = iphoneos;
				TARGETED_DEVICE_FAMILY = "1,2";
				VALIDATE_PRODUCT = YES;
			};
			name = Release;
		};
		90AEDEE91C56EE0900841A70 /* Debug */ = {
			isa = XCBuildConfiguration;
			buildSettings = {
				ASSETCATALOG_COMPILER_APPICON_NAME = AppIcon;
				INFOPLIST_FILE = "Scrying Mirror/Info.plist";
				LD_RUNPATH_SEARCH_PATHS = "$(inherited) @executable_path/Frameworks";
				PRODUCT_BUNDLE_IDENTIFIER = "com.diskcactus.Scrying-Mirror";
				PRODUCT_NAME = "$(TARGET_NAME)";
			};
			name = Debug;
		};
		90AEDEEA1C56EE0900841A70 /* Release */ = {
			isa = XCBuildConfiguration;
			buildSettings = {
				ASSETCATALOG_COMPILER_APPICON_NAME = AppIcon;
				INFOPLIST_FILE = "Scrying Mirror/Info.plist";
				LD_RUNPATH_SEARCH_PATHS = "$(inherited) @executable_path/Frameworks";
				PRODUCT_BUNDLE_IDENTIFIER = "com.diskcactus.Scrying-Mirror";
				PRODUCT_NAME = "$(TARGET_NAME)";
			};
			name = Release;
		};
/* End XCBuildConfiguration section */

/* Begin XCConfigurationList section */
		90AEDED11C56EE0800841A70 /* Build configuration list for PBXProject "Scrying Mirror" */ = {
			isa = XCConfigurationList;
			buildConfigurations = (
				90AEDEE61C56EE0900841A70 /* Debug */,
				90AEDEE71C56EE0900841A70 /* Release */,
			);
			defaultConfigurationIsVisible = 0;
			defaultConfigurationName = Release;
		};
		90AEDEE81C56EE0900841A70 /* Build configuration list for PBXNativeTarget "Scrying Mirror" */ = {
			isa = XCConfigurationList;
			buildConfigurations = (
				90AEDEE91C56EE0900841A70 /* Debug */,
				90AEDEEA1C56EE0900841A70 /* Release */,
			);
			defaultConfigurationIsVisible = 0;
		};
/* End XCConfigurationList section */
	};
	rootObject = 90AEDECE1C56EE0800841A70 /* Project object */;
}
